// !$*UTF8*$!
{
	archiveVersion = 1;
	classes = {
	};
	objectVersion = 56;
	objects = {

/* Begin PBXBuildFile section */
		041BA5802CC438CF002040B8 /* CharactersRepository.swift in Sources */ = {isa = PBXBuildFile; fileRef = 041BA57F2CC438CF002040B8 /* CharactersRepository.swift */; };
		041BA5842CC43EB6002040B8 /* Repository.swift in Sources */ = {isa = PBXBuildFile; fileRef = 041BA5832CC43EB6002040B8 /* Repository.swift */; };
		041BA5872CC44AB6002040B8 /* LocationsRepository.swift in Sources */ = {isa = PBXBuildFile; fileRef = 041BA5862CC44AB6002040B8 /* LocationsRepository.swift */; };
		041BA5892CC44B09002040B8 /* EpisodesRepository.swift in Sources */ = {isa = PBXBuildFile; fileRef = 041BA5882CC44B09002040B8 /* EpisodesRepository.swift */; };
		041BA58C2CC45720002040B8 /* Config.swift in Sources */ = {isa = PBXBuildFile; fileRef = 041BA58B2CC45720002040B8 /* Config.swift */; };
		041BA58E2CC457B8002040B8 /* LocationsUseCase.swift in Sources */ = {isa = PBXBuildFile; fileRef = 041BA58D2CC457B8002040B8 /* LocationsUseCase.swift */; };
		041BA5902CC457BE002040B8 /* EpisodesUseCase.swift in Sources */ = {isa = PBXBuildFile; fileRef = 041BA58F2CC457BE002040B8 /* EpisodesUseCase.swift */; };
		041BA5932CC46521002040B8 /* CharacterRepository.swift in Sources */ = {isa = PBXBuildFile; fileRef = 041BA5922CC46521002040B8 /* CharacterRepository.swift */; };
		041BA5972CC46619002040B8 /* LocationRepository.swift in Sources */ = {isa = PBXBuildFile; fileRef = 041BA5962CC46619002040B8 /* LocationRepository.swift */; };
		041BA5992CC46651002040B8 /* EpisodeRepository.swift in Sources */ = {isa = PBXBuildFile; fileRef = 041BA5982CC46651002040B8 /* EpisodeRepository.swift */; };
		041BA59C2CC466CA002040B8 /* CharacterUseCase.swift in Sources */ = {isa = PBXBuildFile; fileRef = 041BA59B2CC466CA002040B8 /* CharacterUseCase.swift */; };
		041BA5A02CC46726002040B8 /* LocationUseCase.swift in Sources */ = {isa = PBXBuildFile; fileRef = 041BA59F2CC46726002040B8 /* LocationUseCase.swift */; };
		041BA5A22CC46747002040B8 /* EpisodeUseCase.swift in Sources */ = {isa = PBXBuildFile; fileRef = 041BA5A12CC46747002040B8 /* EpisodeUseCase.swift */; };
		041BA5A52CC52779002040B8 /* EpisodeTableViewCell.swift in Sources */ = {isa = PBXBuildFile; fileRef = 041BA5A42CC52779002040B8 /* EpisodeTableViewCell.swift */; };
		041BA5A72CC543F0002040B8 /* ImageLoader.swift in Sources */ = {isa = PBXBuildFile; fileRef = 041BA5A62CC543F0002040B8 /* ImageLoader.swift */; };
		041BA5A92CC54800002040B8 /* NavigationTitleIcon.swift in Sources */ = {isa = PBXBuildFile; fileRef = 041BA5A82CC54800002040B8 /* NavigationTitleIcon.swift */; };
		041BA5AE2CC54A61002040B8 /* SideCharactersCell.swift in Sources */ = {isa = PBXBuildFile; fileRef = 041BA5AD2CC54A61002040B8 /* SideCharactersCell.swift */; };
		041BA5B22CC54ACC002040B8 /* MainCharacterCell.swift in Sources */ = {isa = PBXBuildFile; fileRef = 041BA5B12CC54ACC002040B8 /* MainCharacterCell.swift */; };
		041BA5B42CC55302002040B8 /* GradientView.swift in Sources */ = {isa = PBXBuildFile; fileRef = 041BA5B32CC55302002040B8 /* GradientView.swift */; };
		041BA5B62CC55B9F002040B8 /* CharacterCell.swift in Sources */ = {isa = PBXBuildFile; fileRef = 041BA5B52CC55B9F002040B8 /* CharacterCell.swift */; };
		041BA5BD2CC575BE002040B8 /* CharacterDetailCoordinator.swift in Sources */ = {isa = PBXBuildFile; fileRef = 041BA5B82CC575BE002040B8 /* CharacterDetailCoordinator.swift */; };
		041BA5BE2CC575BE002040B8 /* CharacterDetailExternalDependenciesResolver.swift in Sources */ = {isa = PBXBuildFile; fileRef = 041BA5B92CC575BE002040B8 /* CharacterDetailExternalDependenciesResolver.swift */; };
		041BA5BF2CC575BE002040B8 /* CharacterDetailViewController.swift in Sources */ = {isa = PBXBuildFile; fileRef = 041BA5BA2CC575BE002040B8 /* CharacterDetailViewController.swift */; };
		041BA5C02CC575BE002040B8 /* CharacterDetailDependenciesResolver.swift in Sources */ = {isa = PBXBuildFile; fileRef = 041BA5BB2CC575BE002040B8 /* CharacterDetailDependenciesResolver.swift */; };
		041BA5C12CC575BE002040B8 /* CharacterDetailViewModel.swift in Sources */ = {isa = PBXBuildFile; fileRef = 041BA5BC2CC575BE002040B8 /* CharacterDetailViewModel.swift */; };
		041BA5CF2CC5A730002040B8 /* LocationDetailCoordinator.swift in Sources */ = {isa = PBXBuildFile; fileRef = 041BA5CA2CC5A730002040B8 /* LocationDetailCoordinator.swift */; };
		041BA5D02CC5A730002040B8 /* LocationDetailExternalDependenciesResolver.swift in Sources */ = {isa = PBXBuildFile; fileRef = 041BA5CB2CC5A730002040B8 /* LocationDetailExternalDependenciesResolver.swift */; };
		041BA5D12CC5A730002040B8 /* LocationDetailViewController.swift in Sources */ = {isa = PBXBuildFile; fileRef = 041BA5CC2CC5A730002040B8 /* LocationDetailViewController.swift */; };
		041BA5D22CC5A730002040B8 /* LocationDetailDependenciesResolver.swift in Sources */ = {isa = PBXBuildFile; fileRef = 041BA5CD2CC5A730002040B8 /* LocationDetailDependenciesResolver.swift */; };
		041BA5D32CC5A730002040B8 /* LocationDetailViewModel.swift in Sources */ = {isa = PBXBuildFile; fileRef = 041BA5CE2CC5A730002040B8 /* LocationDetailViewModel.swift */; };
		041BA5DD2CC5B860002040B8 /* EpisodePopup.swift in Sources */ = {isa = PBXBuildFile; fileRef = 041BA5DC2CC5B860002040B8 /* EpisodePopup.swift */; };
		041BA5E02CC5C24C002040B8 /* CharactersListCell.swift in Sources */ = {isa = PBXBuildFile; fileRef = 041BA5DF2CC5C24C002040B8 /* CharactersListCell.swift */; };
		041BA5E22CC5C2D0002040B8 /* CharactersListView.swift in Sources */ = {isa = PBXBuildFile; fileRef = 041BA5E12CC5C2D0002040B8 /* CharactersListView.swift */; };
		041BA5E52CC649E1002040B8 /* LocationCollectionViewCell.swift in Sources */ = {isa = PBXBuildFile; fileRef = 041BA5E42CC649E1002040B8 /* LocationCollectionViewCell.swift */; };
		041BA5E72CC650C9002040B8 /* LocationCollectionHeader.swift in Sources */ = {isa = PBXBuildFile; fileRef = 041BA5E62CC650C9002040B8 /* LocationCollectionHeader.swift */; };
		041BA5EA2CC657B1002040B8 /* LoadingDots in Frameworks */ = {isa = PBXBuildFile; productRef = 041BA5E92CC657B1002040B8 /* LoadingDots */; };
		041BA5ED2CC657C9002040B8 /* LoadingCapable.swift in Sources */ = {isa = PBXBuildFile; fileRef = 041BA5EC2CC657C9002040B8 /* LoadingCapable.swift */; };
		041BA5EF2CC65A31002040B8 /* ErrorView.swift in Sources */ = {isa = PBXBuildFile; fileRef = 041BA5EE2CC65A31002040B8 /* ErrorView.swift */; };
		041BA5F12CC66D21002040B8 /* SearchBarCell.swift in Sources */ = {isa = PBXBuildFile; fileRef = 041BA5F02CC66D21002040B8 /* SearchBarCell.swift */; };
		041BA5F32CC68CDA002040B8 /* CharactersViewModelTests.swift in Sources */ = {isa = PBXBuildFile; fileRef = 041BA5F22CC68CDA002040B8 /* CharactersViewModelTests.swift */; };
		041BA5F72CC6914C002040B8 /* CoordinatorMocks.swift in Sources */ = {isa = PBXBuildFile; fileRef = 041BA5F62CC6914C002040B8 /* CoordinatorMocks.swift */; };
		043FC9BE2CC2B46B00BE28AD /* ScrollableStackView.swift in Sources */ = {isa = PBXBuildFile; fileRef = 043FC9BD2CC2B46B00BE28AD /* ScrollableStackView.swift */; };
		043FC9C12CC2B6E400BE28AD /* SharedDependencies.swift in Sources */ = {isa = PBXBuildFile; fileRef = 043FC9C02CC2B6E400BE28AD /* SharedDependencies.swift */; };
		043FC9C42CC2B76E00BE28AD /* Coordinator.swift in Sources */ = {isa = PBXBuildFile; fileRef = 043FC9C32CC2B76E00BE28AD /* Coordinator.swift */; };
		043FC9C62CC2B7A400BE28AD /* BindableCoordinator.swift in Sources */ = {isa = PBXBuildFile; fileRef = 043FC9C52CC2B7A400BE28AD /* BindableCoordinator.swift */; };
		043FC9CE2CC4147A00BE28AD /* CharactersCoordinator.swift in Sources */ = {isa = PBXBuildFile; fileRef = 043FC9C92CC4147A00BE28AD /* CharactersCoordinator.swift */; };
		043FC9CF2CC4147A00BE28AD /* CharactersExternalDependenciesResolver.swift in Sources */ = {isa = PBXBuildFile; fileRef = 043FC9CA2CC4147A00BE28AD /* CharactersExternalDependenciesResolver.swift */; };
		043FC9D02CC4147A00BE28AD /* CharactersViewController.swift in Sources */ = {isa = PBXBuildFile; fileRef = 043FC9CB2CC4147A00BE28AD /* CharactersViewController.swift */; };
		043FC9D12CC4147A00BE28AD /* CharactersDependenciesResolver.swift in Sources */ = {isa = PBXBuildFile; fileRef = 043FC9CC2CC4147A00BE28AD /* CharactersDependenciesResolver.swift */; };
		043FC9D22CC4147A00BE28AD /* CharactersViewModel.swift in Sources */ = {isa = PBXBuildFile; fileRef = 043FC9CD2CC4147A00BE28AD /* CharactersViewModel.swift */; };
		043FC9DD2CC4156F00BE28AD /* LocationsCoordinator.swift in Sources */ = {isa = PBXBuildFile; fileRef = 043FC9D82CC4156F00BE28AD /* LocationsCoordinator.swift */; };
		043FC9DE2CC4156F00BE28AD /* LocationsExternalDependenciesResolver.swift in Sources */ = {isa = PBXBuildFile; fileRef = 043FC9D92CC4156F00BE28AD /* LocationsExternalDependenciesResolver.swift */; };
		043FC9DF2CC4156F00BE28AD /* LocationsViewController.swift in Sources */ = {isa = PBXBuildFile; fileRef = 043FC9DA2CC4156F00BE28AD /* LocationsViewController.swift */; };
		043FC9E02CC4156F00BE28AD /* LocationsDependenciesResolver.swift in Sources */ = {isa = PBXBuildFile; fileRef = 043FC9DB2CC4156F00BE28AD /* LocationsDependenciesResolver.swift */; };
		043FC9E12CC4156F00BE28AD /* LocationsViewModel.swift in Sources */ = {isa = PBXBuildFile; fileRef = 043FC9DC2CC4156F00BE28AD /* LocationsViewModel.swift */; };
		043FC9EC2CC415DE00BE28AD /* EpisodesCoordinator.swift in Sources */ = {isa = PBXBuildFile; fileRef = 043FC9E72CC415DE00BE28AD /* EpisodesCoordinator.swift */; };
		043FC9ED2CC415DE00BE28AD /* EpisodesExternalDependenciesResolver.swift in Sources */ = {isa = PBXBuildFile; fileRef = 043FC9E82CC415DE00BE28AD /* EpisodesExternalDependenciesResolver.swift */; };
		043FC9EE2CC415DE00BE28AD /* EpisodesViewController.swift in Sources */ = {isa = PBXBuildFile; fileRef = 043FC9E92CC415DE00BE28AD /* EpisodesViewController.swift */; };
		043FC9EF2CC415DE00BE28AD /* EpisodesDependenciesResolver.swift in Sources */ = {isa = PBXBuildFile; fileRef = 043FC9EA2CC415DE00BE28AD /* EpisodesDependenciesResolver.swift */; };
		043FC9F02CC415DE00BE28AD /* EpisodesViewModel.swift in Sources */ = {isa = PBXBuildFile; fileRef = 043FC9EB2CC415DE00BE28AD /* EpisodesViewModel.swift */; };
		043FC9FD2CC416E400BE28AD /* MainTabBarCoordinator.swift in Sources */ = {isa = PBXBuildFile; fileRef = 043FC9F82CC416E400BE28AD /* MainTabBarCoordinator.swift */; };
		043FC9FE2CC416E400BE28AD /* MainTabBarExternalDependenciesResolver.swift in Sources */ = {isa = PBXBuildFile; fileRef = 043FC9F92CC416E400BE28AD /* MainTabBarExternalDependenciesResolver.swift */; };
		043FCA002CC416E400BE28AD /* MainTabBarDependenciesResolver.swift in Sources */ = {isa = PBXBuildFile; fileRef = 043FC9FB2CC416E400BE28AD /* MainTabBarDependenciesResolver.swift */; };
		043FCA042CC419C000BE28AD /* MainTabBarController.swift in Sources */ = {isa = PBXBuildFile; fileRef = 043FCA032CC419C000BE28AD /* MainTabBarController.swift */; };
		043FCA062CC4271300BE28AD /* Colors.xcassets in Resources */ = {isa = PBXBuildFile; fileRef = 043FCA052CC4271300BE28AD /* Colors.xcassets */; };
		043FCA092CC42A9500BE28AD /* AutolayoutDSL in Frameworks */ = {isa = PBXBuildFile; productRef = 043FCA082CC42A9500BE28AD /* AutolayoutDSL */; };
		043FCA0B2CC42E8900BE28AD /* Constants.swift in Sources */ = {isa = PBXBuildFile; fileRef = 043FCA0A2CC42E8900BE28AD /* Constants.swift */; };
		043FCA0F2CC433B100BE28AD /* CharactersUseCase.swift in Sources */ = {isa = PBXBuildFile; fileRef = 043FCA0E2CC433B100BE28AD /* CharactersUseCase.swift */; };
		043FCA122CC4345100BE28AD /* Character.swift in Sources */ = {isa = PBXBuildFile; fileRef = 043FCA112CC4345100BE28AD /* Character.swift */; };
		043FCA172CC435D200BE28AD /* Location.swift in Sources */ = {isa = PBXBuildFile; fileRef = 043FCA162CC435D200BE28AD /* Location.swift */; };
		043FCA192CC4360E00BE28AD /* Episode.swift in Sources */ = {isa = PBXBuildFile; fileRef = 043FCA182CC4360E00BE28AD /* Episode.swift */; };
		047875672CC2B094003CF29E /* AppDelegate.swift in Sources */ = {isa = PBXBuildFile; fileRef = 047875662CC2B094003CF29E /* AppDelegate.swift */; };
		047875692CC2B094003CF29E /* SceneDelegate.swift in Sources */ = {isa = PBXBuildFile; fileRef = 047875682CC2B094003CF29E /* SceneDelegate.swift */; };
		047875702CC2B096003CF29E /* Assets.xcassets in Resources */ = {isa = PBXBuildFile; fileRef = 0478756F2CC2B096003CF29E /* Assets.xcassets */; };
		047875732CC2B096003CF29E /* LaunchScreen.storyboard in Resources */ = {isa = PBXBuildFile; fileRef = 047875712CC2B096003CF29E /* LaunchScreen.storyboard */; };
		047875882CC2B096003CF29E /* RickMortyDemoUITests.swift in Sources */ = {isa = PBXBuildFile; fileRef = 047875872CC2B096003CF29E /* RickMortyDemoUITests.swift */; };
		0478758A2CC2B096003CF29E /* RickMortyDemoUITestsLaunchTests.swift in Sources */ = {isa = PBXBuildFile; fileRef = 047875892CC2B096003CF29E /* RickMortyDemoUITestsLaunchTests.swift */; };
		04A7761F2CC69C9C009B22E0 /* EpisodesViewModelTests.swift in Sources */ = {isa = PBXBuildFile; fileRef = 04A7761E2CC69C9C009B22E0 /* EpisodesViewModelTests.swift */; };
		04A776212CC6A39F009B22E0 /* UseCasesMocks.swift in Sources */ = {isa = PBXBuildFile; fileRef = 04A776202CC6A39F009B22E0 /* UseCasesMocks.swift */; };
		04A776232CC6A430009B22E0 /* DependenciesMocks.swift in Sources */ = {isa = PBXBuildFile; fileRef = 04A776222CC6A430009B22E0 /* DependenciesMocks.swift */; };
		04A776252CC6A6F9009B22E0 /* LocationDetailViewModelTests.swift in Sources */ = {isa = PBXBuildFile; fileRef = 04A776242CC6A6F9009B22E0 /* LocationDetailViewModelTests.swift */; };
		04A776272CC6AD1D009B22E0 /* CharacterViewModelTests.swift in Sources */ = {isa = PBXBuildFile; fileRef = 04A776262CC6AD1D009B22E0 /* CharacterViewModelTests.swift */; };
		04A7762A2CC811DB009B22E0 /* CharacterDTO.swift in Sources */ = {isa = PBXBuildFile; fileRef = 04A776292CC811DB009B22E0 /* CharacterDTO.swift */; };
		04A7762C2CC8123E009B22E0 /* RequestInfoDTO.swift in Sources */ = {isa = PBXBuildFile; fileRef = 04A7762B2CC8123E009B22E0 /* RequestInfoDTO.swift */; };
		04A7762E2CC8125F009B22E0 /* LocationDTO.swift in Sources */ = {isa = PBXBuildFile; fileRef = 04A7762D2CC8125F009B22E0 /* LocationDTO.swift */; };
		04A776302CC8127F009B22E0 /* EpisodeDTO.swift in Sources */ = {isa = PBXBuildFile; fileRef = 04A7762F2CC8127F009B22E0 /* EpisodeDTO.swift */; };
		04A776322CC812CF009B22E0 /* CompleteResponseDTO.swift in Sources */ = {isa = PBXBuildFile; fileRef = 04A776312CC812CF009B22E0 /* CompleteResponseDTO.swift */; };
		04A776342CC81CF8009B22E0 /* CharacterDetailView.swift in Sources */ = {isa = PBXBuildFile; fileRef = 04A776332CC81CF8009B22E0 /* CharacterDetailView.swift */; };
		04A776362CC84A7E009B22E0 /* EpisodesList.swift in Sources */ = {isa = PBXBuildFile; fileRef = 04A776352CC84A7E009B22E0 /* EpisodesList.swift */; };
		04A776382CC84A95009B22E0 /* EpisodeCell.swift in Sources */ = {isa = PBXBuildFile; fileRef = 04A776372CC84A95009B22E0 /* EpisodeCell.swift */; };
/* End PBXBuildFile section */

/* Begin PBXContainerItemProxy section */
		0478757A2CC2B096003CF29E /* PBXContainerItemProxy */ = {
			isa = PBXContainerItemProxy;
			containerPortal = 0478755B2CC2B094003CF29E /* Project object */;
			proxyType = 1;
			remoteGlobalIDString = 047875622CC2B094003CF29E;
			remoteInfo = RickMortyDemo;
		};
		047875842CC2B096003CF29E /* PBXContainerItemProxy */ = {
			isa = PBXContainerItemProxy;
			containerPortal = 0478755B2CC2B094003CF29E /* Project object */;
			proxyType = 1;
			remoteGlobalIDString = 047875622CC2B094003CF29E;
			remoteInfo = RickMortyDemo;
		};
/* End PBXContainerItemProxy section */

/* Begin PBXFileReference section */
		041BA57F2CC438CF002040B8 /* CharactersRepository.swift */ = {isa = PBXFileReference; lastKnownFileType = sourcecode.swift; path = CharactersRepository.swift; sourceTree = "<group>"; };
		041BA5832CC43EB6002040B8 /* Repository.swift */ = {isa = PBXFileReference; lastKnownFileType = sourcecode.swift; path = Repository.swift; sourceTree = "<group>"; };
		041BA5862CC44AB6002040B8 /* LocationsRepository.swift */ = {isa = PBXFileReference; lastKnownFileType = sourcecode.swift; path = LocationsRepository.swift; sourceTree = "<group>"; };
		041BA5882CC44B09002040B8 /* EpisodesRepository.swift */ = {isa = PBXFileReference; lastKnownFileType = sourcecode.swift; path = EpisodesRepository.swift; sourceTree = "<group>"; };
		041BA58B2CC45720002040B8 /* Config.swift */ = {isa = PBXFileReference; lastKnownFileType = sourcecode.swift; path = Config.swift; sourceTree = "<group>"; };
		041BA58D2CC457B8002040B8 /* LocationsUseCase.swift */ = {isa = PBXFileReference; lastKnownFileType = sourcecode.swift; path = LocationsUseCase.swift; sourceTree = "<group>"; };
		041BA58F2CC457BE002040B8 /* EpisodesUseCase.swift */ = {isa = PBXFileReference; lastKnownFileType = sourcecode.swift; path = EpisodesUseCase.swift; sourceTree = "<group>"; };
		041BA5922CC46521002040B8 /* CharacterRepository.swift */ = {isa = PBXFileReference; lastKnownFileType = sourcecode.swift; path = CharacterRepository.swift; sourceTree = "<group>"; };
		041BA5962CC46619002040B8 /* LocationRepository.swift */ = {isa = PBXFileReference; lastKnownFileType = sourcecode.swift; path = LocationRepository.swift; sourceTree = "<group>"; };
		041BA5982CC46651002040B8 /* EpisodeRepository.swift */ = {isa = PBXFileReference; lastKnownFileType = sourcecode.swift; path = EpisodeRepository.swift; sourceTree = "<group>"; };
		041BA59B2CC466CA002040B8 /* CharacterUseCase.swift */ = {isa = PBXFileReference; lastKnownFileType = sourcecode.swift; path = CharacterUseCase.swift; sourceTree = "<group>"; };
		041BA59F2CC46726002040B8 /* LocationUseCase.swift */ = {isa = PBXFileReference; lastKnownFileType = sourcecode.swift; path = LocationUseCase.swift; sourceTree = "<group>"; };
		041BA5A12CC46747002040B8 /* EpisodeUseCase.swift */ = {isa = PBXFileReference; lastKnownFileType = sourcecode.swift; path = EpisodeUseCase.swift; sourceTree = "<group>"; };
		041BA5A42CC52779002040B8 /* EpisodeTableViewCell.swift */ = {isa = PBXFileReference; lastKnownFileType = sourcecode.swift; path = EpisodeTableViewCell.swift; sourceTree = "<group>"; };
		041BA5A62CC543F0002040B8 /* ImageLoader.swift */ = {isa = PBXFileReference; lastKnownFileType = sourcecode.swift; path = ImageLoader.swift; sourceTree = "<group>"; };
		041BA5A82CC54800002040B8 /* NavigationTitleIcon.swift */ = {isa = PBXFileReference; lastKnownFileType = sourcecode.swift; path = NavigationTitleIcon.swift; sourceTree = "<group>"; };
		041BA5AD2CC54A61002040B8 /* SideCharactersCell.swift */ = {isa = PBXFileReference; lastKnownFileType = sourcecode.swift; path = SideCharactersCell.swift; sourceTree = "<group>"; };
		041BA5B12CC54ACC002040B8 /* MainCharacterCell.swift */ = {isa = PBXFileReference; lastKnownFileType = sourcecode.swift; path = MainCharacterCell.swift; sourceTree = "<group>"; };
		041BA5B32CC55302002040B8 /* GradientView.swift */ = {isa = PBXFileReference; lastKnownFileType = sourcecode.swift; path = GradientView.swift; sourceTree = "<group>"; };
		041BA5B52CC55B9F002040B8 /* CharacterCell.swift */ = {isa = PBXFileReference; lastKnownFileType = sourcecode.swift; path = CharacterCell.swift; sourceTree = "<group>"; };
		041BA5B82CC575BE002040B8 /* CharacterDetailCoordinator.swift */ = {isa = PBXFileReference; lastKnownFileType = sourcecode.swift; path = CharacterDetailCoordinator.swift; sourceTree = "<group>"; };
		041BA5B92CC575BE002040B8 /* CharacterDetailExternalDependenciesResolver.swift */ = {isa = PBXFileReference; lastKnownFileType = sourcecode.swift; path = CharacterDetailExternalDependenciesResolver.swift; sourceTree = "<group>"; };
		041BA5BA2CC575BE002040B8 /* CharacterDetailViewController.swift */ = {isa = PBXFileReference; lastKnownFileType = sourcecode.swift; path = CharacterDetailViewController.swift; sourceTree = "<group>"; };
		041BA5BB2CC575BE002040B8 /* CharacterDetailDependenciesResolver.swift */ = {isa = PBXFileReference; lastKnownFileType = sourcecode.swift; path = CharacterDetailDependenciesResolver.swift; sourceTree = "<group>"; };
		041BA5BC2CC575BE002040B8 /* CharacterDetailViewModel.swift */ = {isa = PBXFileReference; lastKnownFileType = sourcecode.swift; path = CharacterDetailViewModel.swift; sourceTree = "<group>"; };
		041BA5CA2CC5A730002040B8 /* LocationDetailCoordinator.swift */ = {isa = PBXFileReference; lastKnownFileType = sourcecode.swift; path = LocationDetailCoordinator.swift; sourceTree = "<group>"; };
		041BA5CB2CC5A730002040B8 /* LocationDetailExternalDependenciesResolver.swift */ = {isa = PBXFileReference; lastKnownFileType = sourcecode.swift; path = LocationDetailExternalDependenciesResolver.swift; sourceTree = "<group>"; };
		041BA5CC2CC5A730002040B8 /* LocationDetailViewController.swift */ = {isa = PBXFileReference; lastKnownFileType = sourcecode.swift; path = LocationDetailViewController.swift; sourceTree = "<group>"; };
		041BA5CD2CC5A730002040B8 /* LocationDetailDependenciesResolver.swift */ = {isa = PBXFileReference; lastKnownFileType = sourcecode.swift; path = LocationDetailDependenciesResolver.swift; sourceTree = "<group>"; };
		041BA5CE2CC5A730002040B8 /* LocationDetailViewModel.swift */ = {isa = PBXFileReference; lastKnownFileType = sourcecode.swift; path = LocationDetailViewModel.swift; sourceTree = "<group>"; };
		041BA5DC2CC5B860002040B8 /* EpisodePopup.swift */ = {isa = PBXFileReference; lastKnownFileType = sourcecode.swift; path = EpisodePopup.swift; sourceTree = "<group>"; };
		041BA5DF2CC5C24C002040B8 /* CharactersListCell.swift */ = {isa = PBXFileReference; lastKnownFileType = sourcecode.swift; path = CharactersListCell.swift; sourceTree = "<group>"; };
		041BA5E12CC5C2D0002040B8 /* CharactersListView.swift */ = {isa = PBXFileReference; lastKnownFileType = sourcecode.swift; path = CharactersListView.swift; sourceTree = "<group>"; };
		041BA5E42CC649E1002040B8 /* LocationCollectionViewCell.swift */ = {isa = PBXFileReference; lastKnownFileType = sourcecode.swift; path = LocationCollectionViewCell.swift; sourceTree = "<group>"; };
		041BA5E62CC650C9002040B8 /* LocationCollectionHeader.swift */ = {isa = PBXFileReference; lastKnownFileType = sourcecode.swift; path = LocationCollectionHeader.swift; sourceTree = "<group>"; };
		041BA5EC2CC657C9002040B8 /* LoadingCapable.swift */ = {isa = PBXFileReference; lastKnownFileType = sourcecode.swift; path = LoadingCapable.swift; sourceTree = "<group>"; };
		041BA5EE2CC65A31002040B8 /* ErrorView.swift */ = {isa = PBXFileReference; lastKnownFileType = sourcecode.swift; path = ErrorView.swift; sourceTree = "<group>"; };
		041BA5F02CC66D21002040B8 /* SearchBarCell.swift */ = {isa = PBXFileReference; lastKnownFileType = sourcecode.swift; path = SearchBarCell.swift; sourceTree = "<group>"; };
		041BA5F22CC68CDA002040B8 /* CharactersViewModelTests.swift */ = {isa = PBXFileReference; lastKnownFileType = sourcecode.swift; path = CharactersViewModelTests.swift; sourceTree = "<group>"; };
		041BA5F62CC6914C002040B8 /* CoordinatorMocks.swift */ = {isa = PBXFileReference; lastKnownFileType = sourcecode.swift; path = CoordinatorMocks.swift; sourceTree = "<group>"; };
		043FC9BD2CC2B46B00BE28AD /* ScrollableStackView.swift */ = {isa = PBXFileReference; lastKnownFileType = sourcecode.swift; path = ScrollableStackView.swift; sourceTree = "<group>"; };
		043FC9C02CC2B6E400BE28AD /* SharedDependencies.swift */ = {isa = PBXFileReference; lastKnownFileType = sourcecode.swift; path = SharedDependencies.swift; sourceTree = "<group>"; };
		043FC9C32CC2B76E00BE28AD /* Coordinator.swift */ = {isa = PBXFileReference; lastKnownFileType = sourcecode.swift; path = Coordinator.swift; sourceTree = "<group>"; };
		043FC9C52CC2B7A400BE28AD /* BindableCoordinator.swift */ = {isa = PBXFileReference; lastKnownFileType = sourcecode.swift; path = BindableCoordinator.swift; sourceTree = "<group>"; };
		043FC9C92CC4147A00BE28AD /* CharactersCoordinator.swift */ = {isa = PBXFileReference; lastKnownFileType = sourcecode.swift; path = CharactersCoordinator.swift; sourceTree = "<group>"; };
		043FC9CA2CC4147A00BE28AD /* CharactersExternalDependenciesResolver.swift */ = {isa = PBXFileReference; lastKnownFileType = sourcecode.swift; path = CharactersExternalDependenciesResolver.swift; sourceTree = "<group>"; };
		043FC9CB2CC4147A00BE28AD /* CharactersViewController.swift */ = {isa = PBXFileReference; lastKnownFileType = sourcecode.swift; path = CharactersViewController.swift; sourceTree = "<group>"; };
		043FC9CC2CC4147A00BE28AD /* CharactersDependenciesResolver.swift */ = {isa = PBXFileReference; lastKnownFileType = sourcecode.swift; path = CharactersDependenciesResolver.swift; sourceTree = "<group>"; };
		043FC9CD2CC4147A00BE28AD /* CharactersViewModel.swift */ = {isa = PBXFileReference; lastKnownFileType = sourcecode.swift; path = CharactersViewModel.swift; sourceTree = "<group>"; };
		043FC9D82CC4156F00BE28AD /* LocationsCoordinator.swift */ = {isa = PBXFileReference; lastKnownFileType = sourcecode.swift; path = LocationsCoordinator.swift; sourceTree = "<group>"; };
		043FC9D92CC4156F00BE28AD /* LocationsExternalDependenciesResolver.swift */ = {isa = PBXFileReference; lastKnownFileType = sourcecode.swift; path = LocationsExternalDependenciesResolver.swift; sourceTree = "<group>"; };
		043FC9DA2CC4156F00BE28AD /* LocationsViewController.swift */ = {isa = PBXFileReference; lastKnownFileType = sourcecode.swift; path = LocationsViewController.swift; sourceTree = "<group>"; };
		043FC9DB2CC4156F00BE28AD /* LocationsDependenciesResolver.swift */ = {isa = PBXFileReference; lastKnownFileType = sourcecode.swift; path = LocationsDependenciesResolver.swift; sourceTree = "<group>"; };
		043FC9DC2CC4156F00BE28AD /* LocationsViewModel.swift */ = {isa = PBXFileReference; lastKnownFileType = sourcecode.swift; path = LocationsViewModel.swift; sourceTree = "<group>"; };
		043FC9E72CC415DE00BE28AD /* EpisodesCoordinator.swift */ = {isa = PBXFileReference; lastKnownFileType = sourcecode.swift; path = EpisodesCoordinator.swift; sourceTree = "<group>"; };
		043FC9E82CC415DE00BE28AD /* EpisodesExternalDependenciesResolver.swift */ = {isa = PBXFileReference; lastKnownFileType = sourcecode.swift; path = EpisodesExternalDependenciesResolver.swift; sourceTree = "<group>"; };
		043FC9E92CC415DE00BE28AD /* EpisodesViewController.swift */ = {isa = PBXFileReference; lastKnownFileType = sourcecode.swift; path = EpisodesViewController.swift; sourceTree = "<group>"; };
		043FC9EA2CC415DE00BE28AD /* EpisodesDependenciesResolver.swift */ = {isa = PBXFileReference; lastKnownFileType = sourcecode.swift; path = EpisodesDependenciesResolver.swift; sourceTree = "<group>"; };
		043FC9EB2CC415DE00BE28AD /* EpisodesViewModel.swift */ = {isa = PBXFileReference; lastKnownFileType = sourcecode.swift; path = EpisodesViewModel.swift; sourceTree = "<group>"; };
		043FC9F82CC416E400BE28AD /* MainTabBarCoordinator.swift */ = {isa = PBXFileReference; lastKnownFileType = sourcecode.swift; name = MainTabBarCoordinator.swift; path = RickMortyDemo/Sections/MainTabBar/Coordinator/MainTabBarCoordinator.swift; sourceTree = SOURCE_ROOT; };
		043FC9F92CC416E400BE28AD /* MainTabBarExternalDependenciesResolver.swift */ = {isa = PBXFileReference; lastKnownFileType = sourcecode.swift; name = MainTabBarExternalDependenciesResolver.swift; path = RickMortyDemo/Sections/MainTabBar/MainTabBarExternalDependenciesResolver.swift; sourceTree = SOURCE_ROOT; };
		043FC9FB2CC416E400BE28AD /* MainTabBarDependenciesResolver.swift */ = {isa = PBXFileReference; lastKnownFileType = sourcecode.swift; name = MainTabBarDependenciesResolver.swift; path = RickMortyDemo/Sections/MainTabBar/MainTabBarDependenciesResolver.swift; sourceTree = SOURCE_ROOT; };
		043FCA032CC419C000BE28AD /* MainTabBarController.swift */ = {isa = PBXFileReference; lastKnownFileType = sourcecode.swift; path = MainTabBarController.swift; sourceTree = "<group>"; };
		043FCA052CC4271300BE28AD /* Colors.xcassets */ = {isa = PBXFileReference; lastKnownFileType = folder.assetcatalog; path = Colors.xcassets; sourceTree = "<group>"; };
		043FCA0A2CC42E8900BE28AD /* Constants.swift */ = {isa = PBXFileReference; lastKnownFileType = sourcecode.swift; path = Constants.swift; sourceTree = "<group>"; };
		043FCA0E2CC433B100BE28AD /* CharactersUseCase.swift */ = {isa = PBXFileReference; lastKnownFileType = sourcecode.swift; path = CharactersUseCase.swift; sourceTree = "<group>"; };
		043FCA112CC4345100BE28AD /* Character.swift */ = {isa = PBXFileReference; lastKnownFileType = sourcecode.swift; path = Character.swift; sourceTree = "<group>"; };
		043FCA162CC435D200BE28AD /* Location.swift */ = {isa = PBXFileReference; lastKnownFileType = sourcecode.swift; path = Location.swift; sourceTree = "<group>"; };
		043FCA182CC4360E00BE28AD /* Episode.swift */ = {isa = PBXFileReference; lastKnownFileType = sourcecode.swift; path = Episode.swift; sourceTree = "<group>"; };
		047875632CC2B094003CF29E /* RickMortyDemo.app */ = {isa = PBXFileReference; explicitFileType = wrapper.application; includeInIndex = 0; path = RickMortyDemo.app; sourceTree = BUILT_PRODUCTS_DIR; };
		047875662CC2B094003CF29E /* AppDelegate.swift */ = {isa = PBXFileReference; lastKnownFileType = sourcecode.swift; path = AppDelegate.swift; sourceTree = "<group>"; };
		047875682CC2B094003CF29E /* SceneDelegate.swift */ = {isa = PBXFileReference; lastKnownFileType = sourcecode.swift; path = SceneDelegate.swift; sourceTree = "<group>"; };
		0478756F2CC2B096003CF29E /* Assets.xcassets */ = {isa = PBXFileReference; lastKnownFileType = folder.assetcatalog; path = Assets.xcassets; sourceTree = "<group>"; };
		047875722CC2B096003CF29E /* Base */ = {isa = PBXFileReference; lastKnownFileType = file.storyboard; name = Base; path = Base.lproj/LaunchScreen.storyboard; sourceTree = "<group>"; };
		047875742CC2B096003CF29E /* Info.plist */ = {isa = PBXFileReference; lastKnownFileType = text.plist.xml; path = Info.plist; sourceTree = "<group>"; };
		047875792CC2B096003CF29E /* RickMortyDemoTests.xctest */ = {isa = PBXFileReference; explicitFileType = wrapper.cfbundle; includeInIndex = 0; path = RickMortyDemoTests.xctest; sourceTree = BUILT_PRODUCTS_DIR; };
		047875832CC2B096003CF29E /* RickMortyDemoUITests.xctest */ = {isa = PBXFileReference; explicitFileType = wrapper.cfbundle; includeInIndex = 0; path = RickMortyDemoUITests.xctest; sourceTree = BUILT_PRODUCTS_DIR; };
		047875872CC2B096003CF29E /* RickMortyDemoUITests.swift */ = {isa = PBXFileReference; lastKnownFileType = sourcecode.swift; path = RickMortyDemoUITests.swift; sourceTree = "<group>"; };
		047875892CC2B096003CF29E /* RickMortyDemoUITestsLaunchTests.swift */ = {isa = PBXFileReference; lastKnownFileType = sourcecode.swift; path = RickMortyDemoUITestsLaunchTests.swift; sourceTree = "<group>"; };
		04A7761E2CC69C9C009B22E0 /* EpisodesViewModelTests.swift */ = {isa = PBXFileReference; lastKnownFileType = sourcecode.swift; path = EpisodesViewModelTests.swift; sourceTree = "<group>"; };
		04A776202CC6A39F009B22E0 /* UseCasesMocks.swift */ = {isa = PBXFileReference; lastKnownFileType = sourcecode.swift; path = UseCasesMocks.swift; sourceTree = "<group>"; };
		04A776222CC6A430009B22E0 /* DependenciesMocks.swift */ = {isa = PBXFileReference; lastKnownFileType = sourcecode.swift; path = DependenciesMocks.swift; sourceTree = "<group>"; };
		04A776242CC6A6F9009B22E0 /* LocationDetailViewModelTests.swift */ = {isa = PBXFileReference; lastKnownFileType = sourcecode.swift; path = LocationDetailViewModelTests.swift; sourceTree = "<group>"; };
		04A776262CC6AD1D009B22E0 /* CharacterViewModelTests.swift */ = {isa = PBXFileReference; lastKnownFileType = sourcecode.swift; path = CharacterViewModelTests.swift; sourceTree = "<group>"; };
		04A776292CC811DB009B22E0 /* CharacterDTO.swift */ = {isa = PBXFileReference; lastKnownFileType = sourcecode.swift; path = CharacterDTO.swift; sourceTree = "<group>"; };
		04A7762B2CC8123E009B22E0 /* RequestInfoDTO.swift */ = {isa = PBXFileReference; lastKnownFileType = sourcecode.swift; path = RequestInfoDTO.swift; sourceTree = "<group>"; };
		04A7762D2CC8125F009B22E0 /* LocationDTO.swift */ = {isa = PBXFileReference; lastKnownFileType = sourcecode.swift; path = LocationDTO.swift; sourceTree = "<group>"; };
		04A7762F2CC8127F009B22E0 /* EpisodeDTO.swift */ = {isa = PBXFileReference; lastKnownFileType = sourcecode.swift; path = EpisodeDTO.swift; sourceTree = "<group>"; };
		04A776312CC812CF009B22E0 /* CompleteResponseDTO.swift */ = {isa = PBXFileReference; lastKnownFileType = sourcecode.swift; path = CompleteResponseDTO.swift; sourceTree = "<group>"; };
		04A776332CC81CF8009B22E0 /* CharacterDetailView.swift */ = {isa = PBXFileReference; lastKnownFileType = sourcecode.swift; path = CharacterDetailView.swift; sourceTree = "<group>"; };
		04A776352CC84A7E009B22E0 /* EpisodesList.swift */ = {isa = PBXFileReference; lastKnownFileType = sourcecode.swift; path = EpisodesList.swift; sourceTree = "<group>"; };
		04A776372CC84A95009B22E0 /* EpisodeCell.swift */ = {isa = PBXFileReference; lastKnownFileType = sourcecode.swift; path = EpisodeCell.swift; sourceTree = "<group>"; };
/* End PBXFileReference section */

/* Begin PBXFrameworksBuildPhase section */
		047875602CC2B094003CF29E /* Frameworks */ = {
			isa = PBXFrameworksBuildPhase;
			buildActionMask = 2147483647;
			files = (
				043FCA092CC42A9500BE28AD /* AutolayoutDSL in Frameworks */,
				041BA5EA2CC657B1002040B8 /* LoadingDots in Frameworks */,
			);
			runOnlyForDeploymentPostprocessing = 0;
		};
		047875762CC2B096003CF29E /* Frameworks */ = {
			isa = PBXFrameworksBuildPhase;
			buildActionMask = 2147483647;
			files = (
			);
			runOnlyForDeploymentPostprocessing = 0;
		};
		047875802CC2B096003CF29E /* Frameworks */ = {
			isa = PBXFrameworksBuildPhase;
			buildActionMask = 2147483647;
			files = (
			);
			runOnlyForDeploymentPostprocessing = 0;
		};
/* End PBXFrameworksBuildPhase section */

/* Begin PBXGroup section */
		041BA58A2CC45717002040B8 /* Config */ = {
			isa = PBXGroup;
			children = (
				041BA58B2CC45720002040B8 /* Config.swift */,
			);
			path = Config;
			sourceTree = "<group>";
		};
		041BA5912CC46512002040B8 /* Character */ = {
			isa = PBXGroup;
			children = (
				041BA57F2CC438CF002040B8 /* CharactersRepository.swift */,
				041BA5922CC46521002040B8 /* CharacterRepository.swift */,
			);
			name = Character;
			sourceTree = "<group>";
		};
		041BA5942CC465EC002040B8 /* Location */ = {
			isa = PBXGroup;
			children = (
				041BA5862CC44AB6002040B8 /* LocationsRepository.swift */,
				041BA5962CC46619002040B8 /* LocationRepository.swift */,
			);
			name = Location;
			sourceTree = "<group>";
		};
		041BA5952CC465F2002040B8 /* Episode */ = {
			isa = PBXGroup;
			children = (
				041BA5882CC44B09002040B8 /* EpisodesRepository.swift */,
				041BA5982CC46651002040B8 /* EpisodeRepository.swift */,
			);
			name = Episode;
			sourceTree = "<group>";
		};
		041BA59A2CC466B1002040B8 /* Characters */ = {
			isa = PBXGroup;
			children = (
				043FCA0E2CC433B100BE28AD /* CharactersUseCase.swift */,
				041BA59B2CC466CA002040B8 /* CharacterUseCase.swift */,
			);
			path = Characters;
			sourceTree = "<group>";
		};
		041BA59D2CC46710002040B8 /* Episodes */ = {
			isa = PBXGroup;
			children = (
				041BA58F2CC457BE002040B8 /* EpisodesUseCase.swift */,
				041BA5A12CC46747002040B8 /* EpisodeUseCase.swift */,
			);
			path = Episodes;
			sourceTree = "<group>";
		};
		041BA59E2CC46717002040B8 /* Locations */ = {
			isa = PBXGroup;
			children = (
				041BA58D2CC457B8002040B8 /* LocationsUseCase.swift */,
				041BA59F2CC46726002040B8 /* LocationUseCase.swift */,
			);
			path = Locations;
			sourceTree = "<group>";
		};
		041BA5A32CC5275E002040B8 /* Subviews */ = {
			isa = PBXGroup;
			children = (
				041BA5A42CC52779002040B8 /* EpisodeTableViewCell.swift */,
			);
			path = Subviews;
			sourceTree = "<group>";
		};
		041BA5AA2CC54A30002040B8 /* Subviews */ = {
			isa = PBXGroup;
			children = (
				041BA5B52CC55B9F002040B8 /* CharacterCell.swift */,
				041BA5B12CC54ACC002040B8 /* MainCharacterCell.swift */,
				041BA5AD2CC54A61002040B8 /* SideCharactersCell.swift */,
				041BA5B32CC55302002040B8 /* GradientView.swift */,
				041BA5F02CC66D21002040B8 /* SearchBarCell.swift */,
			);
			path = Subviews;
			sourceTree = "<group>";
		};
		041BA5B72CC575A8002040B8 /* CharacterDetail */ = {
			isa = PBXGroup;
			children = (
				041BA5C52CC5767B002040B8 /* View */,
				041BA5C42CC57676002040B8 /* ViewModel */,
				041BA5C32CC5766A002040B8 /* Dependencies */,
				041BA5C22CC57665002040B8 /* Coordinator */,
			);
			path = CharacterDetail;
			sourceTree = "<group>";
		};
		041BA5C22CC57665002040B8 /* Coordinator */ = {
			isa = PBXGroup;
			children = (
				041BA5B82CC575BE002040B8 /* CharacterDetailCoordinator.swift */,
			);
			path = Coordinator;
			sourceTree = "<group>";
		};
		041BA5C32CC5766A002040B8 /* Dependencies */ = {
			isa = PBXGroup;
			children = (
				041BA5BB2CC575BE002040B8 /* CharacterDetailDependenciesResolver.swift */,
				041BA5B92CC575BE002040B8 /* CharacterDetailExternalDependenciesResolver.swift */,
			);
			path = Dependencies;
			sourceTree = "<group>";
		};
		041BA5C42CC57676002040B8 /* ViewModel */ = {
			isa = PBXGroup;
			children = (
				041BA5BC2CC575BE002040B8 /* CharacterDetailViewModel.swift */,
			);
			path = ViewModel;
			sourceTree = "<group>";
		};
		041BA5C52CC5767B002040B8 /* View */ = {
			isa = PBXGroup;
			children = (
				041BA5C62CC58BD5002040B8 /* Subviews */,
				041BA5BA2CC575BE002040B8 /* CharacterDetailViewController.swift */,
				04A776332CC81CF8009B22E0 /* CharacterDetailView.swift */,
			);
			path = View;
			sourceTree = "<group>";
		};
		041BA5C62CC58BD5002040B8 /* Subviews */ = {
			isa = PBXGroup;
			children = (
				04A776352CC84A7E009B22E0 /* EpisodesList.swift */,
				04A776372CC84A95009B22E0 /* EpisodeCell.swift */,
			);
			path = Subviews;
			sourceTree = "<group>";
		};
		041BA5C92CC5A722002040B8 /* LocationDetail */ = {
			isa = PBXGroup;
			children = (
				041BA5D72CC5A749002040B8 /* View */,
				041BA5D62CC5A742002040B8 /* ViewModel */,
				041BA5D52CC5A73B002040B8 /* Dependencies */,
				041BA5D42CC5A733002040B8 /* Coordinator */,
			);
			path = LocationDetail;
			sourceTree = "<group>";
		};
		041BA5D42CC5A733002040B8 /* Coordinator */ = {
			isa = PBXGroup;
			children = (
				041BA5CA2CC5A730002040B8 /* LocationDetailCoordinator.swift */,
			);
			path = Coordinator;
			sourceTree = "<group>";
		};
		041BA5D52CC5A73B002040B8 /* Dependencies */ = {
			isa = PBXGroup;
			children = (
				041BA5CD2CC5A730002040B8 /* LocationDetailDependenciesResolver.swift */,
				041BA5CB2CC5A730002040B8 /* LocationDetailExternalDependenciesResolver.swift */,
			);
			path = Dependencies;
			sourceTree = "<group>";
		};
		041BA5D62CC5A742002040B8 /* ViewModel */ = {
			isa = PBXGroup;
			children = (
				041BA5CE2CC5A730002040B8 /* LocationDetailViewModel.swift */,
			);
			path = ViewModel;
			sourceTree = "<group>";
		};
		041BA5D72CC5A749002040B8 /* View */ = {
			isa = PBXGroup;
			children = (
				041BA5CC2CC5A730002040B8 /* LocationDetailViewController.swift */,
			);
			path = View;
			sourceTree = "<group>";
		};
		041BA5DE2CC5C218002040B8 /* EpisodePopup */ = {
			isa = PBXGroup;
			children = (
				041BA5DC2CC5B860002040B8 /* EpisodePopup.swift */,
				041BA5DF2CC5C24C002040B8 /* CharactersListCell.swift */,
				041BA5E12CC5C2D0002040B8 /* CharactersListView.swift */,
			);
			path = EpisodePopup;
			sourceTree = "<group>";
		};
		041BA5E32CC64961002040B8 /* Subviews */ = {
			isa = PBXGroup;
			children = (
				041BA5E42CC649E1002040B8 /* LocationCollectionViewCell.swift */,
				041BA5E62CC650C9002040B8 /* LocationCollectionHeader.swift */,
			);
			path = Subviews;
			sourceTree = "<group>";
		};
		041BA5F42CC69131002040B8 /* Mocks */ = {
			isa = PBXGroup;
			children = (
				041BA5F62CC6914C002040B8 /* CoordinatorMocks.swift */,
				04A776202CC6A39F009B22E0 /* UseCasesMocks.swift */,
				04A776222CC6A430009B22E0 /* DependenciesMocks.swift */,
			);
			path = Mocks;
			sourceTree = "<group>";
		};
		043FC9BB2CC2B44E00BE28AD /* Base */ = {
			isa = PBXGroup;
			children = (
				041BA58A2CC45717002040B8 /* Config */,
				043FC9C22CC2B76100BE28AD /* Coordinator */,
				043FC9BC2CC2B45E00BE28AD /* UI */,
			);
			path = Base;
			sourceTree = "<group>";
		};
		043FC9BC2CC2B45E00BE28AD /* UI */ = {
			isa = PBXGroup;
			children = (
				043FC9BD2CC2B46B00BE28AD /* ScrollableStackView.swift */,
				043FCA0A2CC42E8900BE28AD /* Constants.swift */,
				041BA5A62CC543F0002040B8 /* ImageLoader.swift */,
				041BA5A82CC54800002040B8 /* NavigationTitleIcon.swift */,
				041BA5EC2CC657C9002040B8 /* LoadingCapable.swift */,
				041BA5EE2CC65A31002040B8 /* ErrorView.swift */,
			);
			path = UI;
			sourceTree = "<group>";
		};
		043FC9BF2CC2B51000BE28AD /* Dependencies */ = {
			isa = PBXGroup;
			children = (
				043FC9C02CC2B6E400BE28AD /* SharedDependencies.swift */,
			);
			path = Dependencies;
			sourceTree = "<group>";
		};
		043FC9C22CC2B76100BE28AD /* Coordinator */ = {
			isa = PBXGroup;
			children = (
				043FC9C32CC2B76E00BE28AD /* Coordinator.swift */,
				043FC9C52CC2B7A400BE28AD /* BindableCoordinator.swift */,
			);
			path = Coordinator;
			sourceTree = "<group>";
		};
		043FC9C72CC4145000BE28AD /* Sections */ = {
			isa = PBXGroup;
			children = (
				043FC9F52CC4168C00BE28AD /* MainTabBar */,
				043FC9C82CC4145900BE28AD /* Characters */,
				043FC9D72CC4156500BE28AD /* Locations */,
				043FC9E62CC415D100BE28AD /* Episodes */,
				041BA5DE2CC5C218002040B8 /* EpisodePopup */,
				041BA5C92CC5A722002040B8 /* LocationDetail */,
				041BA5B72CC575A8002040B8 /* CharacterDetail */,
			);
			path = Sections;
			sourceTree = "<group>";
		};
		043FC9C82CC4145900BE28AD /* Characters */ = {
			isa = PBXGroup;
			children = (
				043FC9D62CC4152F00BE28AD /* View */,
				043FC9D52CC4152900BE28AD /* ViewModel */,
				043FC9D42CC4151600BE28AD /* Dependencies */,
				043FC9D32CC4150D00BE28AD /* Coordinator */,
			);
			path = Characters;
			sourceTree = "<group>";
		};
		043FC9D32CC4150D00BE28AD /* Coordinator */ = {
			isa = PBXGroup;
			children = (
				043FC9C92CC4147A00BE28AD /* CharactersCoordinator.swift */,
			);
			path = Coordinator;
			sourceTree = "<group>";
		};
		043FC9D42CC4151600BE28AD /* Dependencies */ = {
			isa = PBXGroup;
			children = (
				043FC9CC2CC4147A00BE28AD /* CharactersDependenciesResolver.swift */,
				043FC9CA2CC4147A00BE28AD /* CharactersExternalDependenciesResolver.swift */,
			);
			path = Dependencies;
			sourceTree = "<group>";
		};
		043FC9D52CC4152900BE28AD /* ViewModel */ = {
			isa = PBXGroup;
			children = (
				043FC9CD2CC4147A00BE28AD /* CharactersViewModel.swift */,
			);
			path = ViewModel;
			sourceTree = "<group>";
		};
		043FC9D62CC4152F00BE28AD /* View */ = {
			isa = PBXGroup;
			children = (
				041BA5AA2CC54A30002040B8 /* Subviews */,
				043FC9CB2CC4147A00BE28AD /* CharactersViewController.swift */,
			);
			path = View;
			sourceTree = "<group>";
		};
		043FC9D72CC4156500BE28AD /* Locations */ = {
			isa = PBXGroup;
			children = (
				043FC9E52CC415B100BE28AD /* View */,
				043FC9E42CC415AC00BE28AD /* ViewModel */,
				043FC9E32CC415A500BE28AD /* Dependencies */,
				043FC9E22CC415A000BE28AD /* Coordinator */,
			);
			path = Locations;
			sourceTree = "<group>";
		};
		043FC9E22CC415A000BE28AD /* Coordinator */ = {
			isa = PBXGroup;
			children = (
				043FC9D82CC4156F00BE28AD /* LocationsCoordinator.swift */,
			);
			path = Coordinator;
			sourceTree = "<group>";
		};
		043FC9E32CC415A500BE28AD /* Dependencies */ = {
			isa = PBXGroup;
			children = (
				043FC9DB2CC4156F00BE28AD /* LocationsDependenciesResolver.swift */,
				043FC9D92CC4156F00BE28AD /* LocationsExternalDependenciesResolver.swift */,
			);
			path = Dependencies;
			sourceTree = "<group>";
		};
		043FC9E42CC415AC00BE28AD /* ViewModel */ = {
			isa = PBXGroup;
			children = (
				043FC9DC2CC4156F00BE28AD /* LocationsViewModel.swift */,
			);
			path = ViewModel;
			sourceTree = "<group>";
		};
		043FC9E52CC415B100BE28AD /* View */ = {
			isa = PBXGroup;
			children = (
				041BA5E32CC64961002040B8 /* Subviews */,
				043FC9DA2CC4156F00BE28AD /* LocationsViewController.swift */,
			);
			path = View;
			sourceTree = "<group>";
		};
		043FC9E62CC415D100BE28AD /* Episodes */ = {
			isa = PBXGroup;
			children = (
				043FC9F42CC415FF00BE28AD /* View */,
				043FC9F32CC415F600BE28AD /* ViewModel */,
				043FC9F22CC415EB00BE28AD /* Dependencies */,
				043FC9F12CC415E400BE28AD /* Coordinator */,
			);
			path = Episodes;
			sourceTree = "<group>";
		};
		043FC9F12CC415E400BE28AD /* Coordinator */ = {
			isa = PBXGroup;
			children = (
				043FC9E72CC415DE00BE28AD /* EpisodesCoordinator.swift */,
			);
			path = Coordinator;
			sourceTree = "<group>";
		};
		043FC9F22CC415EB00BE28AD /* Dependencies */ = {
			isa = PBXGroup;
			children = (
				043FC9EA2CC415DE00BE28AD /* EpisodesDependenciesResolver.swift */,
				043FC9E82CC415DE00BE28AD /* EpisodesExternalDependenciesResolver.swift */,
			);
			path = Dependencies;
			sourceTree = "<group>";
		};
		043FC9F32CC415F600BE28AD /* ViewModel */ = {
			isa = PBXGroup;
			children = (
				043FC9EB2CC415DE00BE28AD /* EpisodesViewModel.swift */,
			);
			path = ViewModel;
			sourceTree = "<group>";
		};
		043FC9F42CC415FF00BE28AD /* View */ = {
			isa = PBXGroup;
			children = (
				041BA5A32CC5275E002040B8 /* Subviews */,
				043FC9E92CC415DE00BE28AD /* EpisodesViewController.swift */,
			);
			path = View;
			sourceTree = "<group>";
		};
		043FC9F52CC4168C00BE28AD /* MainTabBar */ = {
			isa = PBXGroup;
			children = (
				043FCA022CC4199F00BE28AD /* View */,
				043FC9F72CC4169900BE28AD /* Dependencies */,
				043FC9F62CC4169200BE28AD /* Coordinator */,
			);
			path = MainTabBar;
			sourceTree = "<group>";
		};
		043FC9F62CC4169200BE28AD /* Coordinator */ = {
			isa = PBXGroup;
			children = (
				043FC9F82CC416E400BE28AD /* MainTabBarCoordinator.swift */,
			);
			path = Coordinator;
			sourceTree = "<group>";
		};
		043FC9F72CC4169900BE28AD /* Dependencies */ = {
			isa = PBXGroup;
			children = (
				043FC9F92CC416E400BE28AD /* MainTabBarExternalDependenciesResolver.swift */,
				043FC9FB2CC416E400BE28AD /* MainTabBarDependenciesResolver.swift */,
			);
			path = Dependencies;
			sourceTree = "<group>";
		};
		043FCA022CC4199F00BE28AD /* View */ = {
			isa = PBXGroup;
			children = (
				043FCA032CC419C000BE28AD /* MainTabBarController.swift */,
			);
			path = View;
			sourceTree = "<group>";
		};
		043FCA0C2CC4301000BE28AD /* Repository */ = {
			isa = PBXGroup;
			children = (
				04A776282CC8119B009B22E0 /* DTOs */,
				043FCA1A2CC4369300BE28AD /* Repository */,
				041BA5832CC43EB6002040B8 /* Repository.swift */,
				043FCA0D2CC4338900BE28AD /* UseCases */,
			);
			path = Repository;
			sourceTree = "<group>";
		};
		043FCA0D2CC4338900BE28AD /* UseCases */ = {
			isa = PBXGroup;
			children = (
				041BA59A2CC466B1002040B8 /* Characters */,
				041BA59E2CC46717002040B8 /* Locations */,
				041BA59D2CC46710002040B8 /* Episodes */,
			);
			path = UseCases;
			sourceTree = "<group>";
		};
		043FCA102CC4343F00BE28AD /* Models */ = {
			isa = PBXGroup;
			children = (
				043FCA112CC4345100BE28AD /* Character.swift */,
				043FCA162CC435D200BE28AD /* Location.swift */,
				043FCA182CC4360E00BE28AD /* Episode.swift */,
			);
			path = Models;
			sourceTree = "<group>";
		};
		043FCA1A2CC4369300BE28AD /* Repository */ = {
			isa = PBXGroup;
			children = (
				041BA5912CC46512002040B8 /* Character */,
				041BA5942CC465EC002040B8 /* Location */,
				041BA5952CC465F2002040B8 /* Episode */,
			);
			name = Repository;
			sourceTree = "<group>";
		};
		0478755A2CC2B094003CF29E = {
			isa = PBXGroup;
			children = (
				047875652CC2B094003CF29E /* RickMortyDemo */,
				0478757C2CC2B096003CF29E /* RickMortyDemoTests */,
				047875862CC2B096003CF29E /* RickMortyDemoUITests */,
				047875642CC2B094003CF29E /* Products */,
			);
			sourceTree = "<group>";
		};
		047875642CC2B094003CF29E /* Products */ = {
			isa = PBXGroup;
			children = (
				047875632CC2B094003CF29E /* RickMortyDemo.app */,
				047875792CC2B096003CF29E /* RickMortyDemoTests.xctest */,
				047875832CC2B096003CF29E /* RickMortyDemoUITests.xctest */,
			);
			name = Products;
			sourceTree = "<group>";
		};
		047875652CC2B094003CF29E /* RickMortyDemo */ = {
			isa = PBXGroup;
			children = (
				043FC9C72CC4145000BE28AD /* Sections */,
				043FCA102CC4343F00BE28AD /* Models */,
				043FCA0C2CC4301000BE28AD /* Repository */,
				043FC9BF2CC2B51000BE28AD /* Dependencies */,
				043FC9BB2CC2B44E00BE28AD /* Base */,
				047875662CC2B094003CF29E /* AppDelegate.swift */,
				047875682CC2B094003CF29E /* SceneDelegate.swift */,
				0478756F2CC2B096003CF29E /* Assets.xcassets */,
				043FCA052CC4271300BE28AD /* Colors.xcassets */,
				047875712CC2B096003CF29E /* LaunchScreen.storyboard */,
				047875742CC2B096003CF29E /* Info.plist */,
			);
			path = RickMortyDemo;
			sourceTree = "<group>";
		};
		0478757C2CC2B096003CF29E /* RickMortyDemoTests */ = {
			isa = PBXGroup;
			children = (
				041BA5F42CC69131002040B8 /* Mocks */,
				041BA5F22CC68CDA002040B8 /* CharactersViewModelTests.swift */,
				04A7761E2CC69C9C009B22E0 /* EpisodesViewModelTests.swift */,
				04A776242CC6A6F9009B22E0 /* LocationDetailViewModelTests.swift */,
				04A776262CC6AD1D009B22E0 /* CharacterViewModelTests.swift */,
			);
			path = RickMortyDemoTests;
			sourceTree = "<group>";
		};
		047875862CC2B096003CF29E /* RickMortyDemoUITests */ = {
			isa = PBXGroup;
			children = (
				047875872CC2B096003CF29E /* RickMortyDemoUITests.swift */,
				047875892CC2B096003CF29E /* RickMortyDemoUITestsLaunchTests.swift */,
			);
			path = RickMortyDemoUITests;
			sourceTree = "<group>";
		};
		04A776282CC8119B009B22E0 /* DTOs */ = {
			isa = PBXGroup;
			children = (
				04A776292CC811DB009B22E0 /* CharacterDTO.swift */,
				04A7762D2CC8125F009B22E0 /* LocationDTO.swift */,
				04A7762F2CC8127F009B22E0 /* EpisodeDTO.swift */,
				04A7762B2CC8123E009B22E0 /* RequestInfoDTO.swift */,
				04A776312CC812CF009B22E0 /* CompleteResponseDTO.swift */,
			);
			path = DTOs;
			sourceTree = "<group>";
		};
/* End PBXGroup section */

/* Begin PBXNativeTarget section */
		047875622CC2B094003CF29E /* RickMortyDemo */ = {
			isa = PBXNativeTarget;
			buildConfigurationList = 0478758D2CC2B096003CF29E /* Build configuration list for PBXNativeTarget "RickMortyDemo" */;
			buildPhases = (
				0478755F2CC2B094003CF29E /* Sources */,
				047875602CC2B094003CF29E /* Frameworks */,
				047875612CC2B094003CF29E /* Resources */,
			);
			buildRules = (
			);
			dependencies = (
			);
			name = RickMortyDemo;
			packageProductDependencies = (
				043FCA082CC42A9500BE28AD /* AutolayoutDSL */,
				041BA5E92CC657B1002040B8 /* LoadingDots */,
			);
			productName = RickMortyDemo;
			productReference = 047875632CC2B094003CF29E /* RickMortyDemo.app */;
			productType = "com.apple.product-type.application";
		};
		047875782CC2B096003CF29E /* RickMortyDemoTests */ = {
			isa = PBXNativeTarget;
			buildConfigurationList = 047875902CC2B096003CF29E /* Build configuration list for PBXNativeTarget "RickMortyDemoTests" */;
			buildPhases = (
				047875752CC2B096003CF29E /* Sources */,
				047875762CC2B096003CF29E /* Frameworks */,
				047875772CC2B096003CF29E /* Resources */,
			);
			buildRules = (
			);
			dependencies = (
				0478757B2CC2B096003CF29E /* PBXTargetDependency */,
			);
			name = RickMortyDemoTests;
			productName = RickMortyDemoTests;
			productReference = 047875792CC2B096003CF29E /* RickMortyDemoTests.xctest */;
			productType = "com.apple.product-type.bundle.unit-test";
		};
		047875822CC2B096003CF29E /* RickMortyDemoUITests */ = {
			isa = PBXNativeTarget;
			buildConfigurationList = 047875932CC2B096003CF29E /* Build configuration list for PBXNativeTarget "RickMortyDemoUITests" */;
			buildPhases = (
				0478757F2CC2B096003CF29E /* Sources */,
				047875802CC2B096003CF29E /* Frameworks */,
				047875812CC2B096003CF29E /* Resources */,
			);
			buildRules = (
			);
			dependencies = (
				047875852CC2B096003CF29E /* PBXTargetDependency */,
			);
			name = RickMortyDemoUITests;
			productName = RickMortyDemoUITests;
			productReference = 047875832CC2B096003CF29E /* RickMortyDemoUITests.xctest */;
			productType = "com.apple.product-type.bundle.ui-testing";
		};
/* End PBXNativeTarget section */

/* Begin PBXProject section */
		0478755B2CC2B094003CF29E /* Project object */ = {
			isa = PBXProject;
			attributes = {
				BuildIndependentTargetsInParallel = 1;
				LastSwiftUpdateCheck = 1510;
				LastUpgradeCheck = 1510;
				TargetAttributes = {
					047875622CC2B094003CF29E = {
						CreatedOnToolsVersion = 15.1;
					};
					047875782CC2B096003CF29E = {
						CreatedOnToolsVersion = 15.1;
						TestTargetID = 047875622CC2B094003CF29E;
					};
					047875822CC2B096003CF29E = {
						CreatedOnToolsVersion = 15.1;
						TestTargetID = 047875622CC2B094003CF29E;
					};
				};
			};
			buildConfigurationList = 0478755E2CC2B094003CF29E /* Build configuration list for PBXProject "RickMortyDemo" */;
			compatibilityVersion = "Xcode 14.0";
			developmentRegion = en;
			hasScannedForEncodings = 0;
			knownRegions = (
				en,
				Base,
			);
			mainGroup = 0478755A2CC2B094003CF29E;
			packageReferences = (
				043FCA072CC42A9500BE28AD /* XCRemoteSwiftPackageReference "AutoLayoutDSL" */,
				041BA5E82CC657B1002040B8 /* XCRemoteSwiftPackageReference "LoadingDots" */,
			);
			productRefGroup = 047875642CC2B094003CF29E /* Products */;
			projectDirPath = "";
			projectRoot = "";
			targets = (
				047875622CC2B094003CF29E /* RickMortyDemo */,
				047875782CC2B096003CF29E /* RickMortyDemoTests */,
				047875822CC2B096003CF29E /* RickMortyDemoUITests */,
			);
		};
/* End PBXProject section */

/* Begin PBXResourcesBuildPhase section */
		047875612CC2B094003CF29E /* Resources */ = {
			isa = PBXResourcesBuildPhase;
			buildActionMask = 2147483647;
			files = (
				043FCA062CC4271300BE28AD /* Colors.xcassets in Resources */,
				047875732CC2B096003CF29E /* LaunchScreen.storyboard in Resources */,
				047875702CC2B096003CF29E /* Assets.xcassets in Resources */,
			);
			runOnlyForDeploymentPostprocessing = 0;
		};
		047875772CC2B096003CF29E /* Resources */ = {
			isa = PBXResourcesBuildPhase;
			buildActionMask = 2147483647;
			files = (
			);
			runOnlyForDeploymentPostprocessing = 0;
		};
		047875812CC2B096003CF29E /* Resources */ = {
			isa = PBXResourcesBuildPhase;
			buildActionMask = 2147483647;
			files = (
			);
			runOnlyForDeploymentPostprocessing = 0;
		};
/* End PBXResourcesBuildPhase section */

/* Begin PBXSourcesBuildPhase section */
		0478755F2CC2B094003CF29E /* Sources */ = {
			isa = PBXSourcesBuildPhase;
			buildActionMask = 2147483647;
			files = (
				04A7762E2CC8125F009B22E0 /* LocationDTO.swift in Sources */,
				041BA5BF2CC575BE002040B8 /* CharacterDetailViewController.swift in Sources */,
				043FC9DE2CC4156F00BE28AD /* LocationsExternalDependenciesResolver.swift in Sources */,
				041BA5E52CC649E1002040B8 /* LocationCollectionViewCell.swift in Sources */,
				041BA5A72CC543F0002040B8 /* ImageLoader.swift in Sources */,
				041BA5A92CC54800002040B8 /* NavigationTitleIcon.swift in Sources */,
				041BA5992CC46651002040B8 /* EpisodeRepository.swift in Sources */,
				041BA5C02CC575BE002040B8 /* CharacterDetailDependenciesResolver.swift in Sources */,
				041BA5EF2CC65A31002040B8 /* ErrorView.swift in Sources */,
				041BA5AE2CC54A61002040B8 /* SideCharactersCell.swift in Sources */,
				041BA5B42CC55302002040B8 /* GradientView.swift in Sources */,
				04A776362CC84A7E009B22E0 /* EpisodesList.swift in Sources */,
				041BA5D12CC5A730002040B8 /* LocationDetailViewController.swift in Sources */,
				041BA5802CC438CF002040B8 /* CharactersRepository.swift in Sources */,
				04A776322CC812CF009B22E0 /* CompleteResponseDTO.swift in Sources */,
				043FCA002CC416E400BE28AD /* MainTabBarDependenciesResolver.swift in Sources */,
				043FC9FD2CC416E400BE28AD /* MainTabBarCoordinator.swift in Sources */,
				043FC9ED2CC415DE00BE28AD /* EpisodesExternalDependenciesResolver.swift in Sources */,
				043FC9D22CC4147A00BE28AD /* CharactersViewModel.swift in Sources */,
				043FC9FE2CC416E400BE28AD /* MainTabBarExternalDependenciesResolver.swift in Sources */,
				04A7762C2CC8123E009B22E0 /* RequestInfoDTO.swift in Sources */,
				043FC9CF2CC4147A00BE28AD /* CharactersExternalDependenciesResolver.swift in Sources */,
				043FC9D12CC4147A00BE28AD /* CharactersDependenciesResolver.swift in Sources */,
				041BA5932CC46521002040B8 /* CharacterRepository.swift in Sources */,
				041BA5F12CC66D21002040B8 /* SearchBarCell.swift in Sources */,
				041BA59C2CC466CA002040B8 /* CharacterUseCase.swift in Sources */,
				041BA5972CC46619002040B8 /* LocationRepository.swift in Sources */,
				043FC9EC2CC415DE00BE28AD /* EpisodesCoordinator.swift in Sources */,
				041BA5902CC457BE002040B8 /* EpisodesUseCase.swift in Sources */,
				043FC9BE2CC2B46B00BE28AD /* ScrollableStackView.swift in Sources */,
				043FC9C62CC2B7A400BE28AD /* BindableCoordinator.swift in Sources */,
				041BA5B22CC54ACC002040B8 /* MainCharacterCell.swift in Sources */,
				043FC9CE2CC4147A00BE28AD /* CharactersCoordinator.swift in Sources */,
				041BA5A02CC46726002040B8 /* LocationUseCase.swift in Sources */,
				043FC9E12CC4156F00BE28AD /* LocationsViewModel.swift in Sources */,
				041BA5DD2CC5B860002040B8 /* EpisodePopup.swift in Sources */,
				041BA5D32CC5A730002040B8 /* LocationDetailViewModel.swift in Sources */,
				043FC9EE2CC415DE00BE28AD /* EpisodesViewController.swift in Sources */,
				041BA5BE2CC575BE002040B8 /* CharacterDetailExternalDependenciesResolver.swift in Sources */,
				043FC9F02CC415DE00BE28AD /* EpisodesViewModel.swift in Sources */,
				041BA5D22CC5A730002040B8 /* LocationDetailDependenciesResolver.swift in Sources */,
				041BA5872CC44AB6002040B8 /* LocationsRepository.swift in Sources */,
				041BA5A22CC46747002040B8 /* EpisodeUseCase.swift in Sources */,
				043FC9C42CC2B76E00BE28AD /* Coordinator.swift in Sources */,
				04A776342CC81CF8009B22E0 /* CharacterDetailView.swift in Sources */,
				043FC9DD2CC4156F00BE28AD /* LocationsCoordinator.swift in Sources */,
				043FC9EF2CC415DE00BE28AD /* EpisodesDependenciesResolver.swift in Sources */,
				04A776382CC84A95009B22E0 /* EpisodeCell.swift in Sources */,
				047875672CC2B094003CF29E /* AppDelegate.swift in Sources */,
				043FCA0F2CC433B100BE28AD /* CharactersUseCase.swift in Sources */,
				041BA5E02CC5C24C002040B8 /* CharactersListCell.swift in Sources */,
				043FCA042CC419C000BE28AD /* MainTabBarController.swift in Sources */,
				041BA5C12CC575BE002040B8 /* CharacterDetailViewModel.swift in Sources */,
				043FCA172CC435D200BE28AD /* Location.swift in Sources */,
				043FC9E02CC4156F00BE28AD /* LocationsDependenciesResolver.swift in Sources */,
				04A776302CC8127F009B22E0 /* EpisodeDTO.swift in Sources */,
				043FC9DF2CC4156F00BE28AD /* LocationsViewController.swift in Sources */,
				043FCA122CC4345100BE28AD /* Character.swift in Sources */,
				041BA5ED2CC657C9002040B8 /* LoadingCapable.swift in Sources */,
				043FC9C12CC2B6E400BE28AD /* SharedDependencies.swift in Sources */,
				041BA5842CC43EB6002040B8 /* Repository.swift in Sources */,
				04A7762A2CC811DB009B22E0 /* CharacterDTO.swift in Sources */,
				041BA5BD2CC575BE002040B8 /* CharacterDetailCoordinator.swift in Sources */,
				041BA5892CC44B09002040B8 /* EpisodesRepository.swift in Sources */,
				043FC9D02CC4147A00BE28AD /* CharactersViewController.swift in Sources */,
				043FCA192CC4360E00BE28AD /* Episode.swift in Sources */,
				041BA5CF2CC5A730002040B8 /* LocationDetailCoordinator.swift in Sources */,
				041BA58E2CC457B8002040B8 /* LocationsUseCase.swift in Sources */,
				041BA5B62CC55B9F002040B8 /* CharacterCell.swift in Sources */,
				047875692CC2B094003CF29E /* SceneDelegate.swift in Sources */,
				041BA58C2CC45720002040B8 /* Config.swift in Sources */,
				041BA5E72CC650C9002040B8 /* LocationCollectionHeader.swift in Sources */,
				043FCA0B2CC42E8900BE28AD /* Constants.swift in Sources */,
				041BA5A52CC52779002040B8 /* EpisodeTableViewCell.swift in Sources */,
				041BA5E22CC5C2D0002040B8 /* CharactersListView.swift in Sources */,
				041BA5D02CC5A730002040B8 /* LocationDetailExternalDependenciesResolver.swift in Sources */,
			);
			runOnlyForDeploymentPostprocessing = 0;
		};
		047875752CC2B096003CF29E /* Sources */ = {
			isa = PBXSourcesBuildPhase;
			buildActionMask = 2147483647;
			files = (
				04A7761F2CC69C9C009B22E0 /* EpisodesViewModelTests.swift in Sources */,
				041BA5F32CC68CDA002040B8 /* CharactersViewModelTests.swift in Sources */,
				04A776252CC6A6F9009B22E0 /* LocationDetailViewModelTests.swift in Sources */,
				041BA5F72CC6914C002040B8 /* CoordinatorMocks.swift in Sources */,
				04A776212CC6A39F009B22E0 /* UseCasesMocks.swift in Sources */,
				04A776232CC6A430009B22E0 /* DependenciesMocks.swift in Sources */,
				04A776272CC6AD1D009B22E0 /* CharacterViewModelTests.swift in Sources */,
			);
			runOnlyForDeploymentPostprocessing = 0;
		};
		0478757F2CC2B096003CF29E /* Sources */ = {
			isa = PBXSourcesBuildPhase;
			buildActionMask = 2147483647;
			files = (
				0478758A2CC2B096003CF29E /* RickMortyDemoUITestsLaunchTests.swift in Sources */,
				047875882CC2B096003CF29E /* RickMortyDemoUITests.swift in Sources */,
			);
			runOnlyForDeploymentPostprocessing = 0;
		};
/* End PBXSourcesBuildPhase section */

/* Begin PBXTargetDependency section */
		0478757B2CC2B096003CF29E /* PBXTargetDependency */ = {
			isa = PBXTargetDependency;
			target = 047875622CC2B094003CF29E /* RickMortyDemo */;
			targetProxy = 0478757A2CC2B096003CF29E /* PBXContainerItemProxy */;
		};
		047875852CC2B096003CF29E /* PBXTargetDependency */ = {
			isa = PBXTargetDependency;
			target = 047875622CC2B094003CF29E /* RickMortyDemo */;
			targetProxy = 047875842CC2B096003CF29E /* PBXContainerItemProxy */;
		};
/* End PBXTargetDependency section */

/* Begin PBXVariantGroup section */
		047875712CC2B096003CF29E /* LaunchScreen.storyboard */ = {
			isa = PBXVariantGroup;
			children = (
				047875722CC2B096003CF29E /* Base */,
			);
			name = LaunchScreen.storyboard;
			sourceTree = "<group>";
		};
/* End PBXVariantGroup section */

/* Begin XCBuildConfiguration section */
		0478758B2CC2B096003CF29E /* Debug */ = {
			isa = XCBuildConfiguration;
			buildSettings = {
				ALWAYS_SEARCH_USER_PATHS = NO;
				ASSETCATALOG_COMPILER_GENERATE_SWIFT_ASSET_SYMBOL_EXTENSIONS = YES;
				CLANG_ANALYZER_NONNULL = YES;
				CLANG_ANALYZER_NUMBER_OBJECT_CONVERSION = YES_AGGRESSIVE;
				CLANG_CXX_LANGUAGE_STANDARD = "gnu++20";
				CLANG_ENABLE_MODULES = YES;
				CLANG_ENABLE_OBJC_ARC = YES;
				CLANG_ENABLE_OBJC_WEAK = YES;
				CLANG_WARN_BLOCK_CAPTURE_AUTORELEASING = YES;
				CLANG_WARN_BOOL_CONVERSION = YES;
				CLANG_WARN_COMMA = YES;
				CLANG_WARN_CONSTANT_CONVERSION = YES;
				CLANG_WARN_DEPRECATED_OBJC_IMPLEMENTATIONS = YES;
				CLANG_WARN_DIRECT_OBJC_ISA_USAGE = YES_ERROR;
				CLANG_WARN_DOCUMENTATION_COMMENTS = YES;
				CLANG_WARN_EMPTY_BODY = YES;
				CLANG_WARN_ENUM_CONVERSION = YES;
				CLANG_WARN_INFINITE_RECURSION = YES;
				CLANG_WARN_INT_CONVERSION = YES;
				CLANG_WARN_NON_LITERAL_NULL_CONVERSION = YES;
				CLANG_WARN_OBJC_IMPLICIT_RETAIN_SELF = YES;
				CLANG_WARN_OBJC_LITERAL_CONVERSION = YES;
				CLANG_WARN_OBJC_ROOT_CLASS = YES_ERROR;
				CLANG_WARN_QUOTED_INCLUDE_IN_FRAMEWORK_HEADER = YES;
				CLANG_WARN_RANGE_LOOP_ANALYSIS = YES;
				CLANG_WARN_STRICT_PROTOTYPES = YES;
				CLANG_WARN_SUSPICIOUS_MOVE = YES;
				CLANG_WARN_UNGUARDED_AVAILABILITY = YES_AGGRESSIVE;
				CLANG_WARN_UNREACHABLE_CODE = YES;
				CLANG_WARN__DUPLICATE_METHOD_MATCH = YES;
				COPY_PHASE_STRIP = NO;
				DEBUG_INFORMATION_FORMAT = dwarf;
				ENABLE_STRICT_OBJC_MSGSEND = YES;
				ENABLE_TESTABILITY = YES;
				ENABLE_USER_SCRIPT_SANDBOXING = YES;
				GCC_C_LANGUAGE_STANDARD = gnu17;
				GCC_DYNAMIC_NO_PIC = NO;
				GCC_NO_COMMON_BLOCKS = YES;
				GCC_OPTIMIZATION_LEVEL = 0;
				GCC_PREPROCESSOR_DEFINITIONS = (
					"DEBUG=1",
					"$(inherited)",
				);
				GCC_WARN_64_TO_32_BIT_CONVERSION = YES;
				GCC_WARN_ABOUT_RETURN_TYPE = YES_ERROR;
				GCC_WARN_UNDECLARED_SELECTOR = YES;
				GCC_WARN_UNINITIALIZED_AUTOS = YES_AGGRESSIVE;
				GCC_WARN_UNUSED_FUNCTION = YES;
				GCC_WARN_UNUSED_VARIABLE = YES;
				IPHONEOS_DEPLOYMENT_TARGET = 17.2;
				LOCALIZATION_PREFERS_STRING_CATALOGS = YES;
				MTL_ENABLE_DEBUG_INFO = INCLUDE_SOURCE;
				MTL_FAST_MATH = YES;
				ONLY_ACTIVE_ARCH = YES;
				SDKROOT = iphoneos;
				SWIFT_ACTIVE_COMPILATION_CONDITIONS = "DEBUG $(inherited)";
				SWIFT_OPTIMIZATION_LEVEL = "-Onone";
			};
			name = Debug;
		};
		0478758C2CC2B096003CF29E /* Release */ = {
			isa = XCBuildConfiguration;
			buildSettings = {
				ALWAYS_SEARCH_USER_PATHS = NO;
				ASSETCATALOG_COMPILER_GENERATE_SWIFT_ASSET_SYMBOL_EXTENSIONS = YES;
				CLANG_ANALYZER_NONNULL = YES;
				CLANG_ANALYZER_NUMBER_OBJECT_CONVERSION = YES_AGGRESSIVE;
				CLANG_CXX_LANGUAGE_STANDARD = "gnu++20";
				CLANG_ENABLE_MODULES = YES;
				CLANG_ENABLE_OBJC_ARC = YES;
				CLANG_ENABLE_OBJC_WEAK = YES;
				CLANG_WARN_BLOCK_CAPTURE_AUTORELEASING = YES;
				CLANG_WARN_BOOL_CONVERSION = YES;
				CLANG_WARN_COMMA = YES;
				CLANG_WARN_CONSTANT_CONVERSION = YES;
				CLANG_WARN_DEPRECATED_OBJC_IMPLEMENTATIONS = YES;
				CLANG_WARN_DIRECT_OBJC_ISA_USAGE = YES_ERROR;
				CLANG_WARN_DOCUMENTATION_COMMENTS = YES;
				CLANG_WARN_EMPTY_BODY = YES;
				CLANG_WARN_ENUM_CONVERSION = YES;
				CLANG_WARN_INFINITE_RECURSION = YES;
				CLANG_WARN_INT_CONVERSION = YES;
				CLANG_WARN_NON_LITERAL_NULL_CONVERSION = YES;
				CLANG_WARN_OBJC_IMPLICIT_RETAIN_SELF = YES;
				CLANG_WARN_OBJC_LITERAL_CONVERSION = YES;
				CLANG_WARN_OBJC_ROOT_CLASS = YES_ERROR;
				CLANG_WARN_QUOTED_INCLUDE_IN_FRAMEWORK_HEADER = YES;
				CLANG_WARN_RANGE_LOOP_ANALYSIS = YES;
				CLANG_WARN_STRICT_PROTOTYPES = YES;
				CLANG_WARN_SUSPICIOUS_MOVE = YES;
				CLANG_WARN_UNGUARDED_AVAILABILITY = YES_AGGRESSIVE;
				CLANG_WARN_UNREACHABLE_CODE = YES;
				CLANG_WARN__DUPLICATE_METHOD_MATCH = YES;
				COPY_PHASE_STRIP = NO;
				DEBUG_INFORMATION_FORMAT = "dwarf-with-dsym";
				ENABLE_NS_ASSERTIONS = NO;
				ENABLE_STRICT_OBJC_MSGSEND = YES;
				ENABLE_USER_SCRIPT_SANDBOXING = YES;
				GCC_C_LANGUAGE_STANDARD = gnu17;
				GCC_NO_COMMON_BLOCKS = YES;
				GCC_WARN_64_TO_32_BIT_CONVERSION = YES;
				GCC_WARN_ABOUT_RETURN_TYPE = YES_ERROR;
				GCC_WARN_UNDECLARED_SELECTOR = YES;
				GCC_WARN_UNINITIALIZED_AUTOS = YES_AGGRESSIVE;
				GCC_WARN_UNUSED_FUNCTION = YES;
				GCC_WARN_UNUSED_VARIABLE = YES;
				IPHONEOS_DEPLOYMENT_TARGET = 17.2;
				LOCALIZATION_PREFERS_STRING_CATALOGS = YES;
				MTL_ENABLE_DEBUG_INFO = NO;
				MTL_FAST_MATH = YES;
				SDKROOT = iphoneos;
				SWIFT_COMPILATION_MODE = wholemodule;
				VALIDATE_PRODUCT = YES;
			};
			name = Release;
		};
		0478758E2CC2B096003CF29E /* Debug */ = {
			isa = XCBuildConfiguration;
			buildSettings = {
				ASSETCATALOG_COMPILER_APPICON_NAME = AppIcon;
				ASSETCATALOG_COMPILER_GLOBAL_ACCENT_COLOR_NAME = AccentColor;
				CODE_SIGN_STYLE = Automatic;
				CURRENT_PROJECT_VERSION = 1;
				DEVELOPMENT_TEAM = 4RT44SUJ3V;
				GENERATE_INFOPLIST_FILE = YES;
				INFOPLIST_FILE = RickMortyDemo/Info.plist;
				INFOPLIST_KEY_UIApplicationSupportsIndirectInputEvents = YES;
				INFOPLIST_KEY_UILaunchStoryboardName = LaunchScreen;
				INFOPLIST_KEY_UIMainStoryboardFile = "";
				INFOPLIST_KEY_UISupportedInterfaceOrientations = UIInterfaceOrientationPortrait;
				LD_RUNPATH_SEARCH_PATHS = (
					"$(inherited)",
					"@executable_path/Frameworks",
				);
				MARKETING_VERSION = 1.0;
				PRODUCT_BUNDLE_IDENTIFIER = com.alvaroolave.RickMortyDemo;
				PRODUCT_NAME = "$(TARGET_NAME)";
				SWIFT_EMIT_LOC_STRINGS = YES;
				SWIFT_VERSION = 5.0;
				TARGETED_DEVICE_FAMILY = "1,2";
			};
			name = Debug;
		};
		0478758F2CC2B096003CF29E /* Release */ = {
			isa = XCBuildConfiguration;
			buildSettings = {
				ASSETCATALOG_COMPILER_APPICON_NAME = AppIcon;
				ASSETCATALOG_COMPILER_GLOBAL_ACCENT_COLOR_NAME = AccentColor;
				CODE_SIGN_STYLE = Automatic;
				CURRENT_PROJECT_VERSION = 1;
				DEVELOPMENT_TEAM = 4RT44SUJ3V;
				GENERATE_INFOPLIST_FILE = YES;
				INFOPLIST_FILE = RickMortyDemo/Info.plist;
				INFOPLIST_KEY_UIApplicationSupportsIndirectInputEvents = YES;
				INFOPLIST_KEY_UILaunchStoryboardName = LaunchScreen;
				INFOPLIST_KEY_UIMainStoryboardFile = "";
				INFOPLIST_KEY_UISupportedInterfaceOrientations = UIInterfaceOrientationPortrait;
				LD_RUNPATH_SEARCH_PATHS = (
					"$(inherited)",
					"@executable_path/Frameworks",
				);
				MARKETING_VERSION = 1.0;
				PRODUCT_BUNDLE_IDENTIFIER = com.alvaroolave.RickMortyDemo;
				PRODUCT_NAME = "$(TARGET_NAME)";
				SWIFT_EMIT_LOC_STRINGS = YES;
				SWIFT_VERSION = 5.0;
				TARGETED_DEVICE_FAMILY = "1,2";
			};
			name = Release;
		};
		047875912CC2B096003CF29E /* Debug */ = {
			isa = XCBuildConfiguration;
			buildSettings = {
				ALWAYS_EMBED_SWIFT_STANDARD_LIBRARIES = YES;
				BUNDLE_LOADER = "$(TEST_HOST)";
				CODE_SIGN_STYLE = Automatic;
				CURRENT_PROJECT_VERSION = 1;
				DEVELOPMENT_TEAM = 4RT44SUJ3V;
				GENERATE_INFOPLIST_FILE = YES;
				IPHONEOS_DEPLOYMENT_TARGET = 17.2;
				MARKETING_VERSION = 1.0;
				PRODUCT_BUNDLE_IDENTIFIER = com.alvaroolave.RickMortyDemoTests;
				PRODUCT_NAME = "$(TARGET_NAME)";
				SWIFT_EMIT_LOC_STRINGS = NO;
				SWIFT_VERSION = 5.0;
				TARGETED_DEVICE_FAMILY = "1,2";
				TEST_HOST = "$(BUILT_PRODUCTS_DIR)/RickMortyDemo.app/$(BUNDLE_EXECUTABLE_FOLDER_PATH)/RickMortyDemo";
			};
			name = Debug;
		};
		047875922CC2B096003CF29E /* Release */ = {
			isa = XCBuildConfiguration;
			buildSettings = {
				ALWAYS_EMBED_SWIFT_STANDARD_LIBRARIES = YES;
				BUNDLE_LOADER = "$(TEST_HOST)";
				CODE_SIGN_STYLE = Automatic;
				CURRENT_PROJECT_VERSION = 1;
				DEVELOPMENT_TEAM = 4RT44SUJ3V;
				GENERATE_INFOPLIST_FILE = YES;
				IPHONEOS_DEPLOYMENT_TARGET = 17.2;
				MARKETING_VERSION = 1.0;
				PRODUCT_BUNDLE_IDENTIFIER = com.alvaroolave.RickMortyDemoTests;
				PRODUCT_NAME = "$(TARGET_NAME)";
				SWIFT_EMIT_LOC_STRINGS = NO;
				SWIFT_VERSION = 5.0;
				TARGETED_DEVICE_FAMILY = "1,2";
				TEST_HOST = "$(BUILT_PRODUCTS_DIR)/RickMortyDemo.app/$(BUNDLE_EXECUTABLE_FOLDER_PATH)/RickMortyDemo";
			};
			name = Release;
		};
		047875942CC2B096003CF29E /* Debug */ = {
			isa = XCBuildConfiguration;
			buildSettings = {
				ALWAYS_EMBED_SWIFT_STANDARD_LIBRARIES = YES;
				CODE_SIGN_STYLE = Automatic;
				CURRENT_PROJECT_VERSION = 1;
				DEVELOPMENT_TEAM = 4RT44SUJ3V;
				GENERATE_INFOPLIST_FILE = YES;
				MARKETING_VERSION = 1.0;
				PRODUCT_BUNDLE_IDENTIFIER = com.alvaroolave.RickMortyDemoUITests;
				PRODUCT_NAME = "$(TARGET_NAME)";
				SWIFT_EMIT_LOC_STRINGS = NO;
				SWIFT_VERSION = 5.0;
				TARGETED_DEVICE_FAMILY = "1,2";
				TEST_TARGET_NAME = RickMortyDemo;
			};
			name = Debug;
		};
		047875952CC2B096003CF29E /* Release */ = {
			isa = XCBuildConfiguration;
			buildSettings = {
				ALWAYS_EMBED_SWIFT_STANDARD_LIBRARIES = YES;
				CODE_SIGN_STYLE = Automatic;
				CURRENT_PROJECT_VERSION = 1;
				DEVELOPMENT_TEAM = 4RT44SUJ3V;
				GENERATE_INFOPLIST_FILE = YES;
				MARKETING_VERSION = 1.0;
				PRODUCT_BUNDLE_IDENTIFIER = com.alvaroolave.RickMortyDemoUITests;
				PRODUCT_NAME = "$(TARGET_NAME)";
				SWIFT_EMIT_LOC_STRINGS = NO;
				SWIFT_VERSION = 5.0;
				TARGETED_DEVICE_FAMILY = "1,2";
				TEST_TARGET_NAME = RickMortyDemo;
			};
			name = Release;
		};
/* End XCBuildConfiguration section */

/* Begin XCConfigurationList section */
		0478755E2CC2B094003CF29E /* Build configuration list for PBXProject "RickMortyDemo" */ = {
			isa = XCConfigurationList;
			buildConfigurations = (
				0478758B2CC2B096003CF29E /* Debug */,
				0478758C2CC2B096003CF29E /* Release */,
			);
			defaultConfigurationIsVisible = 0;
			defaultConfigurationName = Release;
		};
		0478758D2CC2B096003CF29E /* Build configuration list for PBXNativeTarget "RickMortyDemo" */ = {
			isa = XCConfigurationList;
			buildConfigurations = (
				0478758E2CC2B096003CF29E /* Debug */,
				0478758F2CC2B096003CF29E /* Release */,
			);
			defaultConfigurationIsVisible = 0;
			defaultConfigurationName = Release;
		};
		047875902CC2B096003CF29E /* Build configuration list for PBXNativeTarget "RickMortyDemoTests" */ = {
			isa = XCConfigurationList;
			buildConfigurations = (
				047875912CC2B096003CF29E /* Debug */,
				047875922CC2B096003CF29E /* Release */,
			);
			defaultConfigurationIsVisible = 0;
			defaultConfigurationName = Release;
		};
		047875932CC2B096003CF29E /* Build configuration list for PBXNativeTarget "RickMortyDemoUITests" */ = {
			isa = XCConfigurationList;
			buildConfigurations = (
				047875942CC2B096003CF29E /* Debug */,
				047875952CC2B096003CF29E /* Release */,
			);
			defaultConfigurationIsVisible = 0;
			defaultConfigurationName = Release;
		};
/* End XCConfigurationList section */

/* Begin XCRemoteSwiftPackageReference section */
		041BA5E82CC657B1002040B8 /* XCRemoteSwiftPackageReference "LoadingDots" */ = {
			isa = XCRemoteSwiftPackageReference;
			repositoryURL = "https://github.com/AlvaroOlave/LoadingDots";
			requirement = {
				kind = upToNextMajorVersion;
				minimumVersion = 0.0.2;
			};
		};
		043FCA072CC42A9500BE28AD /* XCRemoteSwiftPackageReference "AutoLayoutDSL" */ = {
			isa = XCRemoteSwiftPackageReference;
			repositoryURL = "https://github.com/AlvaroOlave/AutoLayoutDSL";
			requirement = {
				kind = upToNextMajorVersion;
				minimumVersion = 0.1.0;
			};
		};
/* End XCRemoteSwiftPackageReference section */

/* Begin XCSwiftPackageProductDependency section */
		041BA5E92CC657B1002040B8 /* LoadingDots */ = {
			isa = XCSwiftPackageProductDependency;
			package = 041BA5E82CC657B1002040B8 /* XCRemoteSwiftPackageReference "LoadingDots" */;
			productName = LoadingDots;
		};
		043FCA082CC42A9500BE28AD /* AutolayoutDSL */ = {
			isa = XCSwiftPackageProductDependency;
			package = 043FCA072CC42A9500BE28AD /* XCRemoteSwiftPackageReference "AutoLayoutDSL" */;
			productName = AutolayoutDSL;
		};
/* End XCSwiftPackageProductDependency section */
	};
	rootObject = 0478755B2CC2B094003CF29E /* Project object */;
}
